
Microsoft Visual Studio Solution File, Format Version 12.00
# Visual Studio Version 16
VisualStudioVersion = 16.0.31605.320
MinimumVisualStudioVersion = 10.0.40219.1
Project("{FAE04EC0-301F-11D3-BF4B-00C04F79EFBC}") = "WindowsFormsPOO", "WindowsFormsPOO\WindowsFormsPOO.csproj", "{FBC37A5E-80B4-42F2-BB94-86181222F31A}"
EndProject
Global
	GlobalSection(SolutionConfigurationPlatforms) = preSolution
		Debug|Any CPU = Debug|Any CPU
		Release|Any CPU = Release|Any CPU
	EndGlobalSection
	GlobalSection(ProjectConfigurationPlatforms) = postSolution
		{FBC37A5E-80B4-42F2-BB94-86181222F31A}.Debug|Any CPU.ActiveCfg = Debug|Any CPU
		{FBC37A5E-80B4-42F2-BB94-86181222F31A}.Debug|Any CPU.Build.0 = Debug|Any CPU
		{FBC37A5E-80B4-42F2-BB94-86181222F31A}.Release|Any CPU.ActiveCfg = Release|Any CPU
		{FBC37A5E-80B4-42F2-BB94-86181222F31A}.Release|Any CPU.Build.0 = Release|Any CPU
	EndGlobalSection
	GlobalSection(SolutionProperties) = preSolution
		HideSolutionNode = FALSE
	EndGlobalSection
	GlobalSection(ExtensibilityGlobals) = postSolution
		SolutionGuid = {F8F15250-E580-415C-824F-78A6883326CE}
	EndGlobalSection
EndGlobal
